
Microsoft Visual Studio Solution File, Format Version 12.00
# Visual Studio Version 16
VisualStudioVersion = 16.0.31702.278
MinimumVisualStudioVersion = 10.0.40219.1
Project("{9A19103F-16F7-4668-BE54-9A1E7A4F7556}") = "Looping_Construct", "Looping_Construct.csproj", "{9E627260-74F1-47AE-9A17-5A6B62CBFA86}"
EndProject
Global
	GlobalSection(SolutionConfigurationPlatforms) = preSolution
		Debug|Any CPU = Debug|Any CPU
		Release|Any CPU = Release|Any CPU
	EndGlobalSection
	GlobalSection(ProjectConfigurationPlatforms) = postSolution
		{9E627260-74F1-47AE-9A17-5A6B62CBFA86}.Debug|Any CPU.ActiveCfg = Debug|Any CPU
		{9E627260-74F1-47AE-9A17-5A6B62CBFA86}.Debug|Any CPU.Build.0 = Debug|Any CPU
		{9E627260-74F1-47AE-9A17-5A6B62CBFA86}.Release|Any CPU.ActiveCfg = Release|Any CPU
		{9E627260-74F1-47AE-9A17-5A6B62CBFA86}.Release|Any CPU.Build.0 = Release|Any CPU
	EndGlobalSection
	GlobalSection(SolutionProperties) = preSolution
		HideSolutionNode = FALSE
	EndGlobalSection
	GlobalSection(ExtensibilityGlobals) = postSolution
		SolutionGuid = {06D82EA8-D14E-4FDB-961B-17509E6D2590}
	EndGlobalSection
EndGlobal
